
Microsoft Visual Studio Solution File, Format Version 12.00
# Visual Studio Version 17
VisualStudioVersion = 17.9.34902.65
MinimumVisualStudioVersion = 10.0.40219.1
Project("{FAE04EC0-301F-11D3-BF4B-00C04F79EFBC}") = "Calculator", "Calculator\Calculator.csproj", "{E49651E6-953C-4C9C-8551-A93A1FC6CC5C}"
EndProject
Project("{FAE04EC0-301F-11D3-BF4B-00C04F79EFBC}") = "Standard Calculator", "Standard Calculator\Standard Calculator.csproj", "{308166FC-A411-4D8D-8213-251785DAEB60}"
EndProject
Global
	GlobalSection(SolutionConfigurationPlatforms) = preSolution
		Debug|Any CPU = Debug|Any CPU
		Release|Any CPU = Release|Any CPU
	EndGlobalSection
	GlobalSection(ProjectConfigurationPlatforms) = postSolution
		{E49651E6-953C-4C9C-8551-A93A1FC6CC5C}.Debug|Any CPU.ActiveCfg = Debug|Any CPU
		{E49651E6-953C-4C9C-8551-A93A1FC6CC5C}.Debug|Any CPU.Build.0 = Debug|Any CPU
		{E49651E6-953C-4C9C-8551-A93A1FC6CC5C}.Release|Any CPU.ActiveCfg = Release|Any CPU
		{E49651E6-953C-4C9C-8551-A93A1FC6CC5C}.Release|Any CPU.Build.0 = Release|Any CPU
		{308166FC-A411-4D8D-8213-251785DAEB60}.Debug|Any CPU.ActiveCfg = Debug|Any CPU
		{308166FC-A411-4D8D-8213-251785DAEB60}.Debug|Any CPU.Build.0 = Debug|Any CPU
		{308166FC-A411-4D8D-8213-251785DAEB60}.Release|Any CPU.ActiveCfg = Release|Any CPU
		{308166FC-A411-4D8D-8213-251785DAEB60}.Release|Any CPU.Build.0 = Release|Any CPU
	EndGlobalSection
	GlobalSection(SolutionProperties) = preSolution
		HideSolutionNode = FALSE
	EndGlobalSection
	GlobalSection(ExtensibilityGlobals) = postSolution
		SolutionGuid = {DB26969F-9ED2-4D39-9154-54182FED8428}
	EndGlobalSection
EndGlobal
